// !$*UTF8*$!
{
	archiveVersion = 1;
	classes = {
	};
	objectVersion = 52;
	objects = {

/* Begin PBXBuildFile section */
		68513A0A25A1D86400D78EAE /* AppsApp.swift in Sources */ = {isa = PBXBuildFile; fileRef = 68513A0925A1D86400D78EAE /* AppsApp.swift */; };
		68513A0C25A1D86400D78EAE /* ContentView.swift in Sources */ = {isa = PBXBuildFile; fileRef = 68513A0B25A1D86400D78EAE /* ContentView.swift */; };
		68513A0E25A1D86500D78EAE /* Assets.xcassets in Resources */ = {isa = PBXBuildFile; fileRef = 68513A0D25A1D86500D78EAE /* Assets.xcassets */; };
		68513A1125A1D86500D78EAE /* Preview Assets.xcassets in Resources */ = {isa = PBXBuildFile; fileRef = 68513A1025A1D86500D78EAE /* Preview Assets.xcassets */; };
		68513A1A25A1DE4000D78EAE /* AppsViewModel.swift in Sources */ = {isa = PBXBuildFile; fileRef = 68513A1925A1DE4000D78EAE /* AppsViewModel.swift */; };
		68513A1F25A1E5C300D78EAE /* Kingfisher in Frameworks */ = {isa = PBXBuildFile; productRef = 68513A1E25A1E5C300D78EAE /* Kingfisher */; };
/* End PBXBuildFile section */

/* Begin PBXFileReference section */
		68513A0625A1D86400D78EAE /* Apps.app */ = {isa = PBXFileReference; explicitFileType = wrapper.application; includeInIndex = 0; path = Apps.app; sourceTree = BUILT_PRODUCTS_DIR; };
		68513A0925A1D86400D78EAE /* AppsApp.swift */ = {isa = PBXFileReference; lastKnownFileType = sourcecode.swift; path = AppsApp.swift; sourceTree = "<group>"; };
		68513A0B25A1D86400D78EAE /* ContentView.swift */ = {isa = PBXFileReference; lastKnownFileType = sourcecode.swift; path = ContentView.swift; sourceTree = "<group>"; };
		68513A0D25A1D86500D78EAE /* Assets.xcassets */ = {isa = PBXFileReference; lastKnownFileType = folder.assetcatalog; path = Assets.xcassets; sourceTree = "<group>"; };
		68513A1025A1D86500D78EAE /* Preview Assets.xcassets */ = {isa = PBXFileReference; lastKnownFileType = folder.assetcatalog; path = "Preview Assets.xcassets"; sourceTree = "<group>"; };
		68513A1225A1D86500D78EAE /* Info.plist */ = {isa = PBXFileReference; lastKnownFileType = text.plist.xml; path = Info.plist; sourceTree = "<group>"; };
		68513A1925A1DE4000D78EAE /* AppsViewModel.swift */ = {isa = PBXFileReference; lastKnownFileType = sourcecode.swift; path = AppsViewModel.swift; sourceTree = "<group>"; };
/* End PBXFileReference section */

/* Begin PBXFrameworksBuildPhase section */
		68513A0325A1D86400D78EAE /* Frameworks */ = {
			isa = PBXFrameworksBuildPhase;
			buildActionMask = 2147483647;
			files = (
				68513A1F25A1E5C300D78EAE /* Kingfisher in Frameworks */,
			);
			runOnlyForDeploymentPostprocessing = 0;
		};
/* End PBXFrameworksBuildPhase section */

/* Begin PBXGroup section */
		685139FD25A1D86400D78EAE = {
			isa = PBXGroup;
			children = (
				68513A0825A1D86400D78EAE /* Apps */,
				68513A0725A1D86400D78EAE /* Products */,
			);
			sourceTree = "<group>";
		};
		68513A0725A1D86400D78EAE /* Products */ = {
			isa = PBXGroup;
			children = (
				68513A0625A1D86400D78EAE /* Apps.app */,
			);
			name = Products;
			sourceTree = "<group>";
		};
		68513A0825A1D86400D78EAE /* Apps */ = {
			isa = PBXGroup;
			children = (
				68513A0925A1D86400D78EAE /* AppsApp.swift */,
				68513A0B25A1D86400D78EAE /* ContentView.swift */,
				68513A1925A1DE4000D78EAE /* AppsViewModel.swift */,
				68513A0D25A1D86500D78EAE /* Assets.xcassets */,
				68513A1225A1D86500D78EAE /* Info.plist */,
				68513A0F25A1D86500D78EAE /* Preview Content */,
			);
			path = Apps;
			sourceTree = "<group>";
		};
		68513A0F25A1D86500D78EAE /* Preview Content */ = {
			isa = PBXGroup;
			children = (
				68513A1025A1D86500D78EAE /* Preview Assets.xcassets */,
			);
			path = "Preview Content";
			sourceTree = "<group>";
		};
/* End PBXGroup section */

/* Begin PBXNativeTarget section */
		68513A0525A1D86400D78EAE /* Apps */ = {
			isa = PBXNativeTarget;
			buildConfigurationList = 68513A1525A1D86500D78EAE /* Build configuration list for PBXNativeTarget "Apps" */;
			buildPhases = (
				68513A0225A1D86400D78EAE /* Sources */,
				68513A0325A1D86400D78EAE /* Frameworks */,
				68513A0425A1D86400D78EAE /* Resources */,
			);
			buildRules = (
			);
			dependencies = (
			);
			name = Apps;
			packageProductDependencies = (
				68513A1E25A1E5C300D78EAE /* Kingfisher */,
			);
			productName = Apps;
			productReference = 68513A0625A1D86400D78EAE /* Apps.app */;
			productType = "com.apple.product-type.application";
		};
/* End PBXNativeTarget section */

/* Begin PBXProject section */
		685139FE25A1D86400D78EAE /* Project object */ = {
			isa = PBXProject;
			attributes = {
				LastSwiftUpdateCheck = 1230;
				LastUpgradeCheck = 1230;
				TargetAttributes = {
					68513A0525A1D86400D78EAE = {
						CreatedOnToolsVersion = 12.3;
					};
				};
			};
			buildConfigurationList = 68513A0125A1D86400D78EAE /* Build configuration list for PBXProject "Apps" */;
			compatibilityVersion = "Xcode 9.3";
			developmentRegion = en;
			hasScannedForEncodings = 0;
			knownRegions = (
				en,
				Base,
			);
			mainGroup = 685139FD25A1D86400D78EAE;
			packageReferences = (
				68513A1D25A1E5C300D78EAE /* XCRemoteSwiftPackageReference "Kingfisher" */,
			);
			productRefGroup = 68513A0725A1D86400D78EAE /* Products */;
			projectDirPath = "";
			projectRoot = "";
			targets = (
				68513A0525A1D86400D78EAE /* Apps */,
			);
		};
/* End PBXProject section */

/* Begin PBXResourcesBuildPhase section */
		68513A0425A1D86400D78EAE /* Resources */ = {
			isa = PBXResourcesBuildPhase;
			buildActionMask = 2147483647;
			files = (
				68513A1125A1D86500D78EAE /* Preview Assets.xcassets in Resources */,
				68513A0E25A1D86500D78EAE /* Assets.xcassets in Resources */,
			);
			runOnlyForDeploymentPostprocessing = 0;
		};
/* End PBXResourcesBuildPhase section */

/* Begin PBXSourcesBuildPhase section */
		68513A0225A1D86400D78EAE /* Sources */ = {
			isa = PBXSourcesBuildPhase;
			buildActionMask = 2147483647;
			files = (
				68513A0C25A1D86400D78EAE /* ContentView.swift in Sources */,
				68513A1A25A1DE4000D78EAE /* AppsViewModel.swift in Sources */,
				68513A0A25A1D86400D78EAE /* AppsApp.swift in Sources */,
			);
			runOnlyForDeploymentPostprocessing = 0;
		};
/* End PBXSourcesBuildPhase section */

/* Begin XCBuildConfiguration section */
		68513A1325A1D86500D78EAE /* Debug */ = {
			isa = XCBuildConfiguration;
			buildSettings = {
				ALWAYS_SEARCH_USER_PATHS = NO;
				CLANG_ANALYZER_NONNULL = YES;
				CLANG_ANALYZER_NUMBER_OBJECT_CONVERSION = YES_AGGRESSIVE;
				CLANG_CXX_LANGUAGE_STANDARD = "gnu++14";
				CLANG_CXX_LIBRARY = "libc++";
				CLANG_ENABLE_MODULES = YES;
				CLANG_ENABLE_OBJC_ARC = YES;
				CLANG_ENABLE_OBJC_WEAK = YES;
				CLANG_WARN_BLOCK_CAPTURE_AUTORELEASING = YES;
				CLANG_WARN_BOOL_CONVERSION = YES;
				CLANG_WARN_COMMA = YES;
				CLANG_WARN_CONSTANT_CONVERSION = YES;
				CLANG_WARN_DEPRECATED_OBJC_IMPLEMENTATIONS = YES;
				CLANG_WARN_DIRECT_OBJC_ISA_USAGE = YES_ERROR;
				CLANG_WARN_DOCUMENTATION_COMMENTS = YES;
				CLANG_WARN_EMPTY_BODY = YES;
				CLANG_WARN_ENUM_CONVERSION = YES;
				CLANG_WARN_INFINITE_RECURSION = YES;
				CLANG_WARN_INT_CONVERSION = YES;
				CLANG_WARN_NON_LITERAL_NULL_CONVERSION = YES;
				CLANG_WARN_OBJC_IMPLICIT_RETAIN_SELF = YES;
				CLANG_WARN_OBJC_LITERAL_CONVERSION = YES;
				CLANG_WARN_OBJC_ROOT_CLASS = YES_ERROR;
				CLANG_WARN_QUOTED_INCLUDE_IN_FRAMEWORK_HEADER = YES;
				CLANG_WARN_RANGE_LOOP_ANALYSIS = YES;
				CLANG_WARN_STRICT_PROTOTYPES = YES;
				CLANG_WARN_SUSPICIOUS_MOVE = YES;
				CLANG_WARN_UNGUARDED_AVAILABILITY = YES_AGGRESSIVE;
				CLANG_WARN_UNREACHABLE_CODE = YES;
				CLANG_WARN__DUPLICATE_METHOD_MATCH = YES;
				COPY_PHASE_STRIP = NO;
				DEBUG_INFORMATION_FORMAT = dwarf;
				ENABLE_STRICT_OBJC_MSGSEND = YES;
				ENABLE_TESTABILITY = YES;
				GCC_C_LANGUAGE_STANDARD = gnu11;
				GCC_DYNAMIC_NO_PIC = NO;
				GCC_NO_COMMON_BLOCKS = YES;
				GCC_OPTIMIZATION_LEVEL = 0;
				GCC_PREPROCESSOR_DEFINITIONS = (
					"DEBUG=1",
					"$(inherited)",
				);
				GCC_WARN_64_TO_32_BIT_CONVERSION = YES;
				GCC_WARN_ABOUT_RETURN_TYPE = YES_ERROR;
				GCC_WARN_UNDECLARED_SELECTOR = YES;
				GCC_WARN_UNINITIALIZED_AUTOS = YES_AGGRESSIVE;
				GCC_WARN_UNUSED_FUNCTION = YES;
				GCC_WARN_UNUSED_VARIABLE = YES;
				IPHONEOS_DEPLOYMENT_TARGET = 14.3;
				MTL_ENABLE_DEBUG_INFO = INCLUDE_SOURCE;
				MTL_FAST_MATH = YES;
				ONLY_ACTIVE_ARCH = YES;
				SDKROOT = iphoneos;
				SWIFT_ACTIVE_COMPILATION_CONDITIONS = DEBUG;
				SWIFT_OPTIMIZATION_LEVEL = "-Onone";
			};
			name = Debug;
		};
		68513A1425A1D86500D78EAE /* Release */ = {
			isa = XCBuildConfiguration;
			buildSettings = {
				ALWAYS_SEARCH_USER_PATHS = NO;
				CLANG_ANALYZER_NONNULL = YES;
				CLANG_ANALYZER_NUMBER_OBJECT_CONVERSION = YES_AGGRESSIVE;
				CLANG_CXX_LANGUAGE_STANDARD = "gnu++14";
				CLANG_CXX_LIBRARY = "libc++";
				CLANG_ENABLE_MODULES = YES;
				CLANG_ENABLE_OBJC_ARC = YES;
				CLANG_ENABLE_OBJC_WEAK = YES;
				CLANG_WARN_BLOCK_CAPTURE_AUTORELEASING = YES;
				CLANG_WARN_BOOL_CONVERSION = YES;
				CLANG_WARN_COMMA = YES;
				CLANG_WARN_CONSTANT_CONVERSION = YES;
				CLANG_WARN_DEPRECATED_OBJC_IMPLEMENTATIONS = YES;
				CLANG_WARN_DIRECT_OBJC_ISA_USAGE = YES_ERROR;
				CLANG_WARN_DOCUMENTATION_COMMENTS = YES;
				CLANG_WARN_EMPTY_BODY = YES;
				CLANG_WARN_ENUM_CONVERSION = YES;
				CLANG_WARN_INFINITE_RECURSION = YES;
				CLANG_WARN_INT_CONVERSION = YES;
				CLANG_WARN_NON_LITERAL_NULL_CONVERSION = YES;
				CLANG_WARN_OBJC_IMPLICIT_RETAIN_SELF = YES;
				CLANG_WARN_OBJC_LITERAL_CONVERSION = YES;
				CLANG_WARN_OBJC_ROOT_CLASS = YES_ERROR;
				CLANG_WARN_QUOTED_INCLUDE_IN_FRAMEWORK_HEADER = YES;
				CLANG_WARN_RANGE_LOOP_ANALYSIS = YES;
				CLANG_WARN_STRICT_PROTOTYPES = YES;
				CLANG_WARN_SUSPICIOUS_MOVE = YES;
				CLANG_WARN_UNGUARDED_AVAILABILITY = YES_AGGRESSIVE;
				CLANG_WARN_UNREACHABLE_CODE = YES;
				CLANG_WARN__DUPLICATE_METHOD_MATCH = YES;
				COPY_PHASE_STRIP = NO;
				DEBUG_INFORMATION_FORMAT = "dwarf-with-dsym";
				ENABLE_NS_ASSERTIONS = NO;
				ENABLE_STRICT_OBJC_MSGSEND = YES;
				GCC_C_LANGUAGE_STANDARD = gnu11;
				GCC_NO_COMMON_BLOCKS = YES;
				GCC_WARN_64_TO_32_BIT_CONVERSION = YES;
				GCC_WARN_ABOUT_RETURN_TYPE = YES_ERROR;
				GCC_WARN_UNDECLARED_SELECTOR = YES;
				GCC_WARN_UNINITIALIZED_AUTOS = YES_AGGRESSIVE;
				GCC_WARN_UNUSED_FUNCTION = YES;
				GCC_WARN_UNUSED_VARIABLE = YES;
				IPHONEOS_DEPLOYMENT_TARGET = 14.3;
				MTL_ENABLE_DEBUG_INFO = NO;
				MTL_FAST_MATH = YES;
				SDKROOT = iphoneos;
				SWIFT_COMPILATION_MODE = wholemodule;
				SWIFT_OPTIMIZATION_LEVEL = "-O";
				VALIDATE_PRODUCT = YES;
			};
			name = Release;
		};
		68513A1625A1D86500D78EAE /* Debug */ = {
			isa = XCBuildConfiguration;
			buildSettings = {
				ASSETCATALOG_COMPILER_APPICON_NAME = AppIcon;
				ASSETCATALOG_COMPILER_GLOBAL_ACCENT_COLOR_NAME = AccentColor;
				CODE_SIGN_STYLE = Automatic;
				DEVELOPMENT_ASSET_PATHS = "\"Apps/Preview Content\"";
				DEVELOPMENT_TEAM = 8SDCC2MUJ7;
				ENABLE_PREVIEWS = YES;
				INFOPLIST_FILE = Apps/Info.plist;
				IPHONEOS_DEPLOYMENT_TARGET = 14.0;
				LD_RUNPATH_SEARCH_PATHS = (
					"$(inherited)",
					"@executable_path/Frameworks",
				);
				PRODUCT_BUNDLE_IDENTIFIER = a.alt.z.Apps;
				PRODUCT_NAME = "$(TARGET_NAME)";
				SWIFT_VERSION = 5.0;
				TARGETED_DEVICE_FAMILY = "1,2";
			};
			name = Debug;
		};
		68513A1725A1D86500D78EAE /* Release */ = {
			isa = XCBuildConfiguration;
			buildSettings = {
				ASSETCATALOG_COMPILER_APPICON_NAME = AppIcon;
				ASSETCATALOG_COMPILER_GLOBAL_ACCENT_COLOR_NAME = AccentColor;
				CODE_SIGN_STYLE = Automatic;
				DEVELOPMENT_ASSET_PATHS = "\"Apps/Preview Content\"";
				DEVELOPMENT_TEAM = 8SDCC2MUJ7;
				ENABLE_PREVIEWS = YES;
				INFOPLIST_FILE = Apps/Info.plist;
				IPHONEOS_DEPLOYMENT_TARGET = 14.0;
				LD_RUNPATH_SEARCH_PATHS = (
					"$(inherited)",
					"@executable_path/Frameworks",
				);
				PRODUCT_BUNDLE_IDENTIFIER = a.alt.z.Apps;
				PRODUCT_NAME = "$(TARGET_NAME)";
				SWIFT_VERSION = 5.0;
				TARGETED_DEVICE_FAMILY = "1,2";
			};
			name = Release;
		};
/* End XCBuildConfiguration section */

/* Begin XCConfigurationList section */
		68513A0125A1D86400D78EAE /* Build configuration list for PBXProject "Apps" */ = {
			isa = XCConfigurationList;
			buildConfigurations = (
				68513A1325A1D86500D78EAE /* Debug */,
				68513A1425A1D86500D78EAE /* Release */,
			);
			defaultConfigurationIsVisible = 0;
			defaultConfigurationName = Release;
		};
		68513A1525A1D86500D78EAE /* Build configuration list for PBXNativeTarget "Apps" */ = {
			isa = XCConfigurationList;
			buildConfigurations = (
				68513A1625A1D86500D78EAE /* Debug */,
				68513A1725A1D86500D78EAE /* Release */,
			);
			defaultConfigurationIsVisible = 0;
			defaultConfigurationName = Release;
		};
/* End XCConfigurationList section */

/* Begin XCRemoteSwiftPackageReference section */
		68513A1D25A1E5C300D78EAE /* XCRemoteSwiftPackageReference "Kingfisher" */ = {
			isa = XCRemoteSwiftPackageReference;
			repositoryURL = "https://github.com/onevcat/Kingfisher";
			requirement = {
				kind = upToNextMajorVersion;
				minimumVersion = 6.0.0;
			};
		};
/* End XCRemoteSwiftPackageReference section */

/* Begin XCSwiftPackageProductDependency section */
		68513A1E25A1E5C300D78EAE /* Kingfisher */ = {
			isa = XCSwiftPackageProductDependency;
			package = 68513A1D25A1E5C300D78EAE /* XCRemoteSwiftPackageReference "Kingfisher" */;
			productName = Kingfisher;
		};
/* End XCSwiftPackageProductDependency section */
	};
	rootObject = 685139FE25A1D86400D78EAE /* Project object */;
}
